{
  "name": "tsexports",
  "version": "1.0.0",
  "lockfileVersion": 3,
  "requires": true,
  "packages": {
    "": {
      "name": "tsexports",
      "version": "1.0.0",
      "license": "ISC",
      "workspaces": [
        "i18n-custom",
        "consumer"
      ],
      "devDependencies": {
        "typescript": "^5.4.3"
      }
    },
    "consumer": {
      "version": "1.0.0",
      "license": "ISC",
      "dependencies": {
        "i18n-custom": "^1.0.0"
      }
    },
    "i18n-custom": {
      "version": "1.0.0",
      "license": "ISC"
    },
    "node_modules/consumer": {
      "resolved": "consumer",
      "link": true
    },
    "node_modules/i18n-custom": {
      "resolved": "i18n-custom",
      "link": true
    },
    "node_modules/typescript": {
      "version": "5.4.3",
      "resolved": "https://registry.npmjs.org/typescript/-/typescript-5.4.3.tgz",
      "integrity": "sha512-KrPd3PKaCLr78MalgiwJnA25Nm8HAmdwN3mYUYZgG/wizIo9EainNVQI9/yDavtVFRN2h3k8uf3GLHuhDMgEHg==",
      "dev": true,
      "bin": {
        "tsc": "bin/tsc",
        "tsserver": "bin/tsserver"
      },
      "engines": {
        "node": ">=14.17"
      }
    }
  }
}
